// !$*UTF8*$!
{
	archiveVersion = 1;
	classes = {
	};
	objectVersion = 56;
	objects = {

/* Begin PBXBuildFile section */
		046A390A2B599A0D00577056 /* AppDelegate.swift in Sources */ = {isa = PBXBuildFile; fileRef = 046A39092B599A0D00577056 /* AppDelegate.swift */; };
		046A390C2B599A0D00577056 /* SceneDelegate.swift in Sources */ = {isa = PBXBuildFile; fileRef = 046A390B2B599A0D00577056 /* SceneDelegate.swift */; };
		046A390E2B599A0D00577056 /* ViewController.swift in Sources */ = {isa = PBXBuildFile; fileRef = 046A390D2B599A0D00577056 /* ViewController.swift */; };
		046A39112B599A0D00577056 /* Main.storyboard in Resources */ = {isa = PBXBuildFile; fileRef = 046A390F2B599A0D00577056 /* Main.storyboard */; };
		046A39132B599A0F00577056 /* Assets.xcassets in Resources */ = {isa = PBXBuildFile; fileRef = 046A39122B599A0F00577056 /* Assets.xcassets */; };
		046A39162B599A0F00577056 /* LaunchScreen.storyboard in Resources */ = {isa = PBXBuildFile; fileRef = 046A39142B599A0F00577056 /* LaunchScreen.storyboard */; };
		4BBBDF0C46692FCB29AC64B1 /* Pods_TMS_IOS_LESSON_17_HW.framework in Frameworks */ = {isa = PBXBuildFile; fileRef = 8CFC862D6A3E47C4B031DB40 /* Pods_TMS_IOS_LESSON_17_HW.framework */; };
/* End PBXBuildFile section */

/* Begin PBXFileReference section */
		046A39062B599A0D00577056 /* TMS-IOS-LESSON-17-HW.app */ = {isa = PBXFileReference; explicitFileType = wrapper.application; includeInIndex = 0; path = "TMS-IOS-LESSON-17-HW.app"; sourceTree = BUILT_PRODUCTS_DIR; };
		046A39092B599A0D00577056 /* AppDelegate.swift */ = {isa = PBXFileReference; lastKnownFileType = sourcecode.swift; path = AppDelegate.swift; sourceTree = "<group>"; };
		046A390B2B599A0D00577056 /* SceneDelegate.swift */ = {isa = PBXFileReference; lastKnownFileType = sourcecode.swift; path = SceneDelegate.swift; sourceTree = "<group>"; };
		046A390D2B599A0D00577056 /* ViewController.swift */ = {isa = PBXFileReference; lastKnownFileType = sourcecode.swift; path = ViewController.swift; sourceTree = "<group>"; };
		046A39102B599A0D00577056 /* Base */ = {isa = PBXFileReference; lastKnownFileType = file.storyboard; name = Base; path = Base.lproj/Main.storyboard; sourceTree = "<group>"; };
		046A39122B599A0F00577056 /* Assets.xcassets */ = {isa = PBXFileReference; lastKnownFileType = folder.assetcatalog; path = Assets.xcassets; sourceTree = "<group>"; };
		046A39152B599A0F00577056 /* Base */ = {isa = PBXFileReference; lastKnownFileType = file.storyboard; name = Base; path = Base.lproj/LaunchScreen.storyboard; sourceTree = "<group>"; };
		046A39172B599A0F00577056 /* Info.plist */ = {isa = PBXFileReference; lastKnownFileType = text.plist.xml; path = Info.plist; sourceTree = "<group>"; };
		30ECF3877752169DBCCB30D7 /* Pods-TMS-IOS-LESSON-17-HW.debug.xcconfig */ = {isa = PBXFileReference; includeInIndex = 1; lastKnownFileType = text.xcconfig; name = "Pods-TMS-IOS-LESSON-17-HW.debug.xcconfig"; path = "Target Support Files/Pods-TMS-IOS-LESSON-17-HW/Pods-TMS-IOS-LESSON-17-HW.debug.xcconfig"; sourceTree = "<group>"; };
		8CFC862D6A3E47C4B031DB40 /* Pods_TMS_IOS_LESSON_17_HW.framework */ = {isa = PBXFileReference; explicitFileType = wrapper.framework; includeInIndex = 0; path = Pods_TMS_IOS_LESSON_17_HW.framework; sourceTree = BUILT_PRODUCTS_DIR; };
		FC8AA53E1EE857A0332395F1 /* Pods-TMS-IOS-LESSON-17-HW.release.xcconfig */ = {isa = PBXFileReference; includeInIndex = 1; lastKnownFileType = text.xcconfig; name = "Pods-TMS-IOS-LESSON-17-HW.release.xcconfig"; path = "Target Support Files/Pods-TMS-IOS-LESSON-17-HW/Pods-TMS-IOS-LESSON-17-HW.release.xcconfig"; sourceTree = "<group>"; };
/* End PBXFileReference section */

/* Begin PBXFrameworksBuildPhase section */
		046A39032B599A0D00577056 /* Frameworks */ = {
			isa = PBXFrameworksBuildPhase;
			buildActionMask = 2147483647;
			files = (
				4BBBDF0C46692FCB29AC64B1 /* Pods_TMS_IOS_LESSON_17_HW.framework in Frameworks */,
			);
			runOnlyForDeploymentPostprocessing = 0;
		};
/* End PBXFrameworksBuildPhase section */

/* Begin PBXGroup section */
		046A38FD2B599A0D00577056 = {
			isa = PBXGroup;
			children = (
				046A39082B599A0D00577056 /* TMS-IOS-LESSON-17-HW */,
				046A39072B599A0D00577056 /* Products */,
				37DCEC113E521B3D938D476D /* Pods */,
				AB28F5CA3D9D20A3F2E00089 /* Frameworks */,
			);
			sourceTree = "<group>";
		};
		046A39072B599A0D00577056 /* Products */ = {
			isa = PBXGroup;
			children = (
				046A39062B599A0D00577056 /* TMS-IOS-LESSON-17-HW.app */,
			);
			name = Products;
			sourceTree = "<group>";
		};
		046A39082B599A0D00577056 /* TMS-IOS-LESSON-17-HW */ = {
			isa = PBXGroup;
			children = (
				046A39092B599A0D00577056 /* AppDelegate.swift */,
				046A390B2B599A0D00577056 /* SceneDelegate.swift */,
				046A390D2B599A0D00577056 /* ViewController.swift */,
				046A390F2B599A0D00577056 /* Main.storyboard */,
				046A39122B599A0F00577056 /* Assets.xcassets */,
				046A39142B599A0F00577056 /* LaunchScreen.storyboard */,
				046A39172B599A0F00577056 /* Info.plist */,
			);
			path = "TMS-IOS-LESSON-17-HW";
			sourceTree = "<group>";
		};
		37DCEC113E521B3D938D476D /* Pods */ = {
			isa = PBXGroup;
			children = (
				30ECF3877752169DBCCB30D7 /* Pods-TMS-IOS-LESSON-17-HW.debug.xcconfig */,
				FC8AA53E1EE857A0332395F1 /* Pods-TMS-IOS-LESSON-17-HW.release.xcconfig */,
			);
			path = Pods;
			sourceTree = "<group>";
		};
		AB28F5CA3D9D20A3F2E00089 /* Frameworks */ = {
			isa = PBXGroup;
			children = (
				8CFC862D6A3E47C4B031DB40 /* Pods_TMS_IOS_LESSON_17_HW.framework */,
			);
			name = Frameworks;
			sourceTree = "<group>";
		};
/* End PBXGroup section */

/* Begin PBXNativeTarget section */
		046A39052B599A0D00577056 /* TMS-IOS-LESSON-17-HW */ = {
			isa = PBXNativeTarget;
			buildConfigurationList = 046A391A2B599A0F00577056 /* Build configuration list for PBXNativeTarget "TMS-IOS-LESSON-17-HW" */;
			buildPhases = (
				357104747ADE420A894E3C21 /* [CP] Check Pods Manifest.lock */,
				046A39022B599A0D00577056 /* Sources */,
				046A39032B599A0D00577056 /* Frameworks */,
				046A39042B599A0D00577056 /* Resources */,
				D01C7FAE4DCE3C2BD7443441 /* [CP] Embed Pods Frameworks */,
			);
			buildRules = (
			);
			dependencies = (
			);
			name = "TMS-IOS-LESSON-17-HW";
			productName = "TMS-IOS-LESSON-17-HW";
			productReference = 046A39062B599A0D00577056 /* TMS-IOS-LESSON-17-HW.app */;
			productType = "com.apple.product-type.application";
		};
/* End PBXNativeTarget section */

/* Begin PBXProject section */
		046A38FE2B599A0D00577056 /* Project object */ = {
			isa = PBXProject;
			attributes = {
				BuildIndependentTargetsInParallel = 1;
				LastSwiftUpdateCheck = 1500;
				LastUpgradeCheck = 1500;
				TargetAttributes = {
					046A39052B599A0D00577056 = {
						CreatedOnToolsVersion = 15.0.1;
					};
				};
			};
			buildConfigurationList = 046A39012B599A0D00577056 /* Build configuration list for PBXProject "TMS-IOS-LESSON-17-HW" */;
			compatibilityVersion = "Xcode 14.0";
			developmentRegion = en;
			hasScannedForEncodings = 0;
			knownRegions = (
				en,
				Base,
			);
			mainGroup = 046A38FD2B599A0D00577056;
			productRefGroup = 046A39072B599A0D00577056 /* Products */;
			projectDirPath = "";
			projectRoot = "";
			targets = (
				046A39052B599A0D00577056 /* TMS-IOS-LESSON-17-HW */,
			);
		};
/* End PBXProject section */

/* Begin PBXResourcesBuildPhase section */
		046A39042B599A0D00577056 /* Resources */ = {
			isa = PBXResourcesBuildPhase;
			buildActionMask = 2147483647;
			files = (
				046A39162B599A0F00577056 /* LaunchScreen.storyboard in Resources */,
				046A39132B599A0F00577056 /* Assets.xcassets in Resources */,
				046A39112B599A0D00577056 /* Main.storyboard in Resources */,
			);
			runOnlyForDeploymentPostprocessing = 0;
		};
/* End PBXResourcesBuildPhase section */

/* Begin PBXShellScriptBuildPhase section */
		357104747ADE420A894E3C21 /* [CP] Check Pods Manifest.lock */ = {
			isa = PBXShellScriptBuildPhase;
			buildActionMask = 2147483647;
			files = (
			);
			inputFileListPaths = (
			);
			inputPaths = (
				"${PODS_PODFILE_DIR_PATH}/Podfile.lock",
				"${PODS_ROOT}/Manifest.lock",
			);
			name = "[CP] Check Pods Manifest.lock";
			outputFileListPaths = (
			);
			outputPaths = (
				"$(DERIVED_FILE_DIR)/Pods-TMS-IOS-LESSON-17-HW-checkManifestLockResult.txt",
			);
			runOnlyForDeploymentPostprocessing = 0;
			shellPath = /bin/sh;
			shellScript = "diff \"${PODS_PODFILE_DIR_PATH}/Podfile.lock\" \"${PODS_ROOT}/Manifest.lock\" > /dev/null\nif [ $? != 0 ] ; then\n    # print error to STDERR\n    echo \"error: The sandbox is not in sync with the Podfile.lock. Run 'pod install' or update your CocoaPods installation.\" >&2\n    exit 1\nfi\n# This output is used by Xcode 'outputs' to avoid re-running this script phase.\necho \"SUCCESS\" > \"${SCRIPT_OUTPUT_FILE_0}\"\n";
			showEnvVarsInLog = 0;
		};
		D01C7FAE4DCE3C2BD7443441 /* [CP] Embed Pods Frameworks */ = {
			isa = PBXShellScriptBuildPhase;
			buildActionMask = 2147483647;
			files = (
			);
			inputFileListPaths = (
				"${PODS_ROOT}/Target Support Files/Pods-TMS-IOS-LESSON-17-HW/Pods-TMS-IOS-LESSON-17-HW-frameworks-${CONFIGURATION}-input-files.xcfilelist",
			);
			name = "[CP] Embed Pods Frameworks";
			outputFileListPaths = (
				"${PODS_ROOT}/Target Support Files/Pods-TMS-IOS-LESSON-17-HW/Pods-TMS-IOS-LESSON-17-HW-frameworks-${CONFIGURATION}-output-files.xcfilelist",
			);
			runOnlyForDeploymentPostprocessing = 0;
			shellPath = /bin/sh;
			shellScript = "\"${PODS_ROOT}/Target Support Files/Pods-TMS-IOS-LESSON-17-HW/Pods-TMS-IOS-LESSON-17-HW-frameworks.sh\"\n";
			showEnvVarsInLog = 0;
		};
/* End PBXShellScriptBuildPhase section */

/* Begin PBXSourcesBuildPhase section */
		046A39022B599A0D00577056 /* Sources */ = {
			isa = PBXSourcesBuildPhase;
			buildActionMask = 2147483647;
			files = (
				046A390E2B599A0D00577056 /* ViewController.swift in Sources */,
				046A390A2B599A0D00577056 /* AppDelegate.swift in Sources */,
				046A390C2B599A0D00577056 /* SceneDelegate.swift in Sources */,
			);
			runOnlyForDeploymentPostprocessing = 0;
		};
/* End PBXSourcesBuildPhase section */

/* Begin PBXVariantGroup section */
		046A390F2B599A0D00577056 /* Main.storyboard */ = {
			isa = PBXVariantGroup;
			children = (
				046A39102B599A0D00577056 /* Base */,
			);
			name = Main.storyboard;
			sourceTree = "<group>";
		};
		046A39142B599A0F00577056 /* LaunchScreen.storyboard */ = {
			isa = PBXVariantGroup;
			children = (
				046A39152B599A0F00577056 /* Base */,
			);
			name = LaunchScreen.storyboard;
			sourceTree = "<group>";
		};
/* End PBXVariantGroup section */

/* Begin XCBuildConfiguration section */
		046A39182B599A0F00577056 /* Debug */ = {
			isa = XCBuildConfiguration;
			buildSettings = {
				ALWAYS_SEARCH_USER_PATHS = NO;
				ASSETCATALOG_COMPILER_GENERATE_SWIFT_ASSET_SYMBOL_EXTENSIONS = YES;
				CLANG_ANALYZER_NONNULL = YES;
				CLANG_ANALYZER_NUMBER_OBJECT_CONVERSION = YES_AGGRESSIVE;
				CLANG_CXX_LANGUAGE_STANDARD = "gnu++20";
				CLANG_ENABLE_MODULES = YES;
				CLANG_ENABLE_OBJC_ARC = YES;
				CLANG_ENABLE_OBJC_WEAK = YES;
				CLANG_WARN_BLOCK_CAPTURE_AUTORELEASING = YES;
				CLANG_WARN_BOOL_CONVERSION = YES;
				CLANG_WARN_COMMA = YES;
				CLANG_WARN_CONSTANT_CONVERSION = YES;
				CLANG_WARN_DEPRECATED_OBJC_IMPLEMENTATIONS = YES;
				CLANG_WARN_DIRECT_OBJC_ISA_USAGE = YES_ERROR;
				CLANG_WARN_DOCUMENTATION_COMMENTS = YES;
				CLANG_WARN_EMPTY_BODY = YES;
				CLANG_WARN_ENUM_CONVERSION = YES;
				CLANG_WARN_INFINITE_RECURSION = YES;
				CLANG_WARN_INT_CONVERSION = YES;
				CLANG_WARN_NON_LITERAL_NULL_CONVERSION = YES;
				CLANG_WARN_OBJC_IMPLICIT_RETAIN_SELF = YES;
				CLANG_WARN_OBJC_LITERAL_CONVERSION = YES;
				CLANG_WARN_OBJC_ROOT_CLASS = YES_ERROR;
				CLANG_WARN_QUOTED_INCLUDE_IN_FRAMEWORK_HEADER = YES;
				CLANG_WARN_RANGE_LOOP_ANALYSIS = YES;
				CLANG_WARN_STRICT_PROTOTYPES = YES;
				CLANG_WARN_SUSPICIOUS_MOVE = YES;
				CLANG_WARN_UNGUARDED_AVAILABILITY = YES_AGGRESSIVE;
				CLANG_WARN_UNREACHABLE_CODE = YES;
				CLANG_WARN__DUPLICATE_METHOD_MATCH = YES;
				COPY_PHASE_STRIP = NO;
				DEBUG_INFORMATION_FORMAT = dwarf;
				ENABLE_STRICT_OBJC_MSGSEND = YES;
				ENABLE_TESTABILITY = YES;
				ENABLE_USER_SCRIPT_SANDBOXING = NO;
				GCC_C_LANGUAGE_STANDARD = gnu17;
				GCC_DYNAMIC_NO_PIC = NO;
				GCC_NO_COMMON_BLOCKS = YES;
				GCC_OPTIMIZATION_LEVEL = 0;
				GCC_PREPROCESSOR_DEFINITIONS = (
					"DEBUG=1",
					"$(inherited)",
				);
				GCC_WARN_64_TO_32_BIT_CONVERSION = YES;
				GCC_WARN_ABOUT_RETURN_TYPE = YES_ERROR;
				GCC_WARN_UNDECLARED_SELECTOR = YES;
				GCC_WARN_UNINITIALIZED_AUTOS = YES_AGGRESSIVE;
				GCC_WARN_UNUSED_FUNCTION = YES;
				GCC_WARN_UNUSED_VARIABLE = YES;
				IPHONEOS_DEPLOYMENT_TARGET = 17.0;
				LOCALIZATION_PREFERS_STRING_CATALOGS = YES;
				MTL_ENABLE_DEBUG_INFO = INCLUDE_SOURCE;
				MTL_FAST_MATH = YES;
				ONLY_ACTIVE_ARCH = YES;
				SDKROOT = iphoneos;
				SWIFT_ACTIVE_COMPILATION_CONDITIONS = "DEBUG $(inherited)";
				SWIFT_OPTIMIZATION_LEVEL = "-Onone";
			};
			name = Debug;
		};
		046A39192B599A0F00577056 /* Release */ = {
			isa = XCBuildConfiguration;
			buildSettings = {
				ALWAYS_SEARCH_USER_PATHS = NO;
				ASSETCATALOG_COMPILER_GENERATE_SWIFT_ASSET_SYMBOL_EXTENSIONS = YES;
				CLANG_ANALYZER_NONNULL = YES;
				CLANG_ANALYZER_NUMBER_OBJECT_CONVERSION = YES_AGGRESSIVE;
				CLANG_CXX_LANGUAGE_STANDARD = "gnu++20";
				CLANG_ENABLE_MODULES = YES;
				CLANG_ENABLE_OBJC_ARC = YES;
				CLANG_ENABLE_OBJC_WEAK = YES;
				CLANG_WARN_BLOCK_CAPTURE_AUTORELEASING = YES;
				CLANG_WARN_BOOL_CONVERSION = YES;
				CLANG_WARN_COMMA = YES;
				CLANG_WARN_CONSTANT_CONVERSION = YES;
				CLANG_WARN_DEPRECATED_OBJC_IMPLEMENTATIONS = YES;
				CLANG_WARN_DIRECT_OBJC_ISA_USAGE = YES_ERROR;
				CLANG_WARN_DOCUMENTATION_COMMENTS = YES;
				CLANG_WARN_EMPTY_BODY = YES;
				CLANG_WARN_ENUM_CONVERSION = YES;
				CLANG_WARN_INFINITE_RECURSION = YES;
				CLANG_WARN_INT_CONVERSION = YES;
				CLANG_WARN_NON_LITERAL_NULL_CONVERSION = YES;
				CLANG_WARN_OBJC_IMPLICIT_RETAIN_SELF = YES;
				CLANG_WARN_OBJC_LITERAL_CONVERSION = YES;
				CLANG_WARN_OBJC_ROOT_CLASS = YES_ERROR;
				CLANG_WARN_QUOTED_INCLUDE_IN_FRAMEWORK_HEADER = YES;
				CLANG_WARN_RANGE_LOOP_ANALYSIS = YES;
				CLANG_WARN_STRICT_PROTOTYPES = YES;
				CLANG_WARN_SUSPICIOUS_MOVE = YES;
				CLANG_WARN_UNGUARDED_AVAILABILITY = YES_AGGRESSIVE;
				CLANG_WARN_UNREACHABLE_CODE = YES;
				CLANG_WARN__DUPLICATE_METHOD_MATCH = YES;
				COPY_PHASE_STRIP = NO;
				DEBUG_INFORMATION_FORMAT = "dwarf-with-dsym";
				ENABLE_NS_ASSERTIONS = NO;
				ENABLE_STRICT_OBJC_MSGSEND = YES;
				ENABLE_USER_SCRIPT_SANDBOXING = NO;
				GCC_C_LANGUAGE_STANDARD = gnu17;
				GCC_NO_COMMON_BLOCKS = YES;
				GCC_WARN_64_TO_32_BIT_CONVERSION = YES;
				GCC_WARN_ABOUT_RETURN_TYPE = YES_ERROR;
				GCC_WARN_UNDECLARED_SELECTOR = YES;
				GCC_WARN_UNINITIALIZED_AUTOS = YES_AGGRESSIVE;
				GCC_WARN_UNUSED_FUNCTION = YES;
				GCC_WARN_UNUSED_VARIABLE = YES;
				IPHONEOS_DEPLOYMENT_TARGET = 17.0;
				LOCALIZATION_PREFERS_STRING_CATALOGS = YES;
				MTL_ENABLE_DEBUG_INFO = NO;
				MTL_FAST_MATH = YES;
				SDKROOT = iphoneos;
				SWIFT_COMPILATION_MODE = wholemodule;
				VALIDATE_PRODUCT = YES;
			};
			name = Release;
		};
		046A391B2B599A0F00577056 /* Debug */ = {
			isa = XCBuildConfiguration;
			baseConfigurationReference = 30ECF3877752169DBCCB30D7 /* Pods-TMS-IOS-LESSON-17-HW.debug.xcconfig */;
			buildSettings = {
				ASSETCATALOG_COMPILER_APPICON_NAME = AppIcon;
				ASSETCATALOG_COMPILER_GLOBAL_ACCENT_COLOR_NAME = AccentColor;
				CODE_SIGN_STYLE = Automatic;
				CURRENT_PROJECT_VERSION = 1;
				DEVELOPMENT_TEAM = N3LRJV66ML;
				GENERATE_INFOPLIST_FILE = YES;
				INFOPLIST_FILE = "TMS-IOS-LESSON-17-HW/Info.plist";
				INFOPLIST_KEY_UIApplicationSupportsIndirectInputEvents = YES;
				INFOPLIST_KEY_UILaunchStoryboardName = LaunchScreen;
				INFOPLIST_KEY_UIMainStoryboardFile = Main;
				INFOPLIST_KEY_UISupportedInterfaceOrientations_iPad = "UIInterfaceOrientationPortrait UIInterfaceOrientationPortraitUpsideDown UIInterfaceOrientationLandscapeLeft UIInterfaceOrientationLandscapeRight";
				INFOPLIST_KEY_UISupportedInterfaceOrientations_iPhone = "UIInterfaceOrientationPortrait UIInterfaceOrientationLandscapeLeft UIInterfaceOrientationLandscapeRight";
				LD_RUNPATH_SEARCH_PATHS = (
					"$(inherited)",
					"@executable_path/Frameworks",
				);
				MARKETING_VERSION = 1.0;
				PRODUCT_BUNDLE_IDENTIFIER = "anton.kurdo.TMS-IOS-LESSON-17-HW";
				PRODUCT_NAME = "$(TARGET_NAME)";
				SWIFT_EMIT_LOC_STRINGS = YES;
				SWIFT_VERSION = 5.0;
				TARGETED_DEVICE_FAMILY = "1,2";
			};
			name = Debug;
		};
		046A391C2B599A0F00577056 /* Release */ = {
			isa = XCBuildConfiguration;
			baseConfigurationReference = FC8AA53E1EE857A0332395F1 /* Pods-TMS-IOS-LESSON-17-HW.release.xcconfig */;
			buildSettings = {
				ASSETCATALOG_COMPILER_APPICON_NAME = AppIcon;
				ASSETCATALOG_COMPILER_GLOBAL_ACCENT_COLOR_NAME = AccentColor;
				CODE_SIGN_STYLE = Automatic;
				CURRENT_PROJECT_VERSION = 1;
				DEVELOPMENT_TEAM = N3LRJV66ML;
				GENERATE_INFOPLIST_FILE = YES;
				INFOPLIST_FILE = "TMS-IOS-LESSON-17-HW/Info.plist";
				INFOPLIST_KEY_UIApplicationSupportsIndirectInputEvents = YES;
				INFOPLIST_KEY_UILaunchStoryboardName = LaunchScreen;
				INFOPLIST_KEY_UIMainStoryboardFile = Main;
				INFOPLIST_KEY_UISupportedInterfaceOrientations_iPad = "UIInterfaceOrientationPortrait UIInterfaceOrientationPortraitUpsideDown UIInterfaceOrientationLandscapeLeft UIInterfaceOrientationLandscapeRight";
				INFOPLIST_KEY_UISupportedInterfaceOrientations_iPhone = "UIInterfaceOrientationPortrait UIInterfaceOrientationLandscapeLeft UIInterfaceOrientationLandscapeRight";
				LD_RUNPATH_SEARCH_PATHS = (
					"$(inherited)",
					"@executable_path/Frameworks",
				);
				MARKETING_VERSION = 1.0;
				PRODUCT_BUNDLE_IDENTIFIER = "anton.kurdo.TMS-IOS-LESSON-17-HW";
				PRODUCT_NAME = "$(TARGET_NAME)";
				SWIFT_EMIT_LOC_STRINGS = YES;
				SWIFT_VERSION = 5.0;
				TARGETED_DEVICE_FAMILY = "1,2";
			};
			name = Release;
		};
/* End XCBuildConfiguration section */

/* Begin XCConfigurationList section */
		046A39012B599A0D00577056 /* Build configuration list for PBXProject "TMS-IOS-LESSON-17-HW" */ = {
			isa = XCConfigurationList;
			buildConfigurations = (
				046A39182B599A0F00577056 /* Debug */,
				046A39192B599A0F00577056 /* Release */,
			);
			defaultConfigurationIsVisible = 0;
			defaultConfigurationName = Release;
		};
		046A391A2B599A0F00577056 /* Build configuration list for PBXNativeTarget "TMS-IOS-LESSON-17-HW" */ = {
			isa = XCConfigurationList;
			buildConfigurations = (
				046A391B2B599A0F00577056 /* Debug */,
				046A391C2B599A0F00577056 /* Release */,
			);
			defaultConfigurationIsVisible = 0;
			defaultConfigurationName = Release;
		};
/* End XCConfigurationList section */
	};
	rootObject = 046A38FE2B599A0D00577056 /* Project object */;
}
